// !$*UTF8*$!
{
	archiveVersion = 1;
	classes = {
	};
	objectVersion = 51;
	objects = {

/* Begin PBXBuildFile section */
		CA9171CCD87336E6667D6744 /* Pods_CameraFilter.framework in Frameworks */ = {isa = PBXBuildFile; fileRef = 27D23BC0B4A48F58CB608058 /* Pods_CameraFilter.framework */; };
		D61C4F1023CCF39300D3CAAA /* AppDelegate.swift in Sources */ = {isa = PBXBuildFile; fileRef = D61C4F0F23CCF39300D3CAAA /* AppDelegate.swift */; };
		D61C4F1223CCF39300D3CAAA /* SceneDelegate.swift in Sources */ = {isa = PBXBuildFile; fileRef = D61C4F1123CCF39300D3CAAA /* SceneDelegate.swift */; };
		D61C4F1423CCF39300D3CAAA /* ViewController.swift in Sources */ = {isa = PBXBuildFile; fileRef = D61C4F1323CCF39300D3CAAA /* ViewController.swift */; };
		D61C4F1723CCF39300D3CAAA /* Main.storyboard in Resources */ = {isa = PBXBuildFile; fileRef = D61C4F1523CCF39300D3CAAA /* Main.storyboard */; };
		D61C4F1923CCF39900D3CAAA /* Assets.xcassets in Resources */ = {isa = PBXBuildFile; fileRef = D61C4F1823CCF39900D3CAAA /* Assets.xcassets */; };
		D61C4F1C23CCF39900D3CAAA /* LaunchScreen.storyboard in Resources */ = {isa = PBXBuildFile; fileRef = D61C4F1A23CCF39900D3CAAA /* LaunchScreen.storyboard */; };
		D61C4F2423CCF4F700D3CAAA /* PhotosCollectionViewController.swift in Sources */ = {isa = PBXBuildFile; fileRef = D61C4F2323CCF4F700D3CAAA /* PhotosCollectionViewController.swift */; };
		D61C4F2623CCFEB200D3CAAA /* PhotoCell.swift in Sources */ = {isa = PBXBuildFile; fileRef = D61C4F2523CCFEB200D3CAAA /* PhotoCell.swift */; };
		D6C439E323CE3943008AA3F8 /* FilterService.swift in Sources */ = {isa = PBXBuildFile; fileRef = D6C439E223CE3943008AA3F8 /* FilterService.swift */; };
/* End PBXBuildFile section */

/* Begin PBXFileReference section */
		27D23BC0B4A48F58CB608058 /* Pods_CameraFilter.framework */ = {isa = PBXFileReference; explicitFileType = wrapper.framework; includeInIndex = 0; path = Pods_CameraFilter.framework; sourceTree = BUILT_PRODUCTS_DIR; };
		7210887E4CCB470783B34EFD /* Pods-CameraFilter.debug.xcconfig */ = {isa = PBXFileReference; includeInIndex = 1; lastKnownFileType = text.xcconfig; name = "Pods-CameraFilter.debug.xcconfig"; path = "Target Support Files/Pods-CameraFilter/Pods-CameraFilter.debug.xcconfig"; sourceTree = "<group>"; };
		9E99A981D24EAB45976D1BC8 /* Pods-CameraFilter.release.xcconfig */ = {isa = PBXFileReference; includeInIndex = 1; lastKnownFileType = text.xcconfig; name = "Pods-CameraFilter.release.xcconfig"; path = "Target Support Files/Pods-CameraFilter/Pods-CameraFilter.release.xcconfig"; sourceTree = "<group>"; };
		D61C4F0C23CCF39300D3CAAA /* CameraFilter.app */ = {isa = PBXFileReference; explicitFileType = wrapper.application; includeInIndex = 0; path = CameraFilter.app; sourceTree = BUILT_PRODUCTS_DIR; };
		D61C4F0F23CCF39300D3CAAA /* AppDelegate.swift */ = {isa = PBXFileReference; lastKnownFileType = sourcecode.swift; path = AppDelegate.swift; sourceTree = "<group>"; };
		D61C4F1123CCF39300D3CAAA /* SceneDelegate.swift */ = {isa = PBXFileReference; lastKnownFileType = sourcecode.swift; path = SceneDelegate.swift; sourceTree = "<group>"; };
		D61C4F1323CCF39300D3CAAA /* ViewController.swift */ = {isa = PBXFileReference; lastKnownFileType = sourcecode.swift; path = ViewController.swift; sourceTree = "<group>"; };
		D61C4F1623CCF39300D3CAAA /* Base */ = {isa = PBXFileReference; lastKnownFileType = file.storyboard; name = Base; path = Base.lproj/Main.storyboard; sourceTree = "<group>"; };
		D61C4F1823CCF39900D3CAAA /* Assets.xcassets */ = {isa = PBXFileReference; lastKnownFileType = folder.assetcatalog; path = Assets.xcassets; sourceTree = "<group>"; };
		D61C4F1B23CCF39900D3CAAA /* Base */ = {isa = PBXFileReference; lastKnownFileType = file.storyboard; name = Base; path = Base.lproj/LaunchScreen.storyboard; sourceTree = "<group>"; };
		D61C4F1D23CCF39900D3CAAA /* Info.plist */ = {isa = PBXFileReference; lastKnownFileType = text.plist.xml; path = Info.plist; sourceTree = "<group>"; };
		D61C4F2323CCF4F700D3CAAA /* PhotosCollectionViewController.swift */ = {isa = PBXFileReference; lastKnownFileType = sourcecode.swift; path = PhotosCollectionViewController.swift; sourceTree = "<group>"; };
		D61C4F2523CCFEB200D3CAAA /* PhotoCell.swift */ = {isa = PBXFileReference; lastKnownFileType = sourcecode.swift; path = PhotoCell.swift; sourceTree = "<group>"; };
		D6C439E223CE3943008AA3F8 /* FilterService.swift */ = {isa = PBXFileReference; lastKnownFileType = sourcecode.swift; path = FilterService.swift; sourceTree = "<group>"; };
/* End PBXFileReference section */

/* Begin PBXFrameworksBuildPhase section */
		D61C4F0923CCF39300D3CAAA /* Frameworks */ = {
			isa = PBXFrameworksBuildPhase;
			buildActionMask = 2147483647;
			files = (
				CA9171CCD87336E6667D6744 /* Pods_CameraFilter.framework in Frameworks */,
			);
			runOnlyForDeploymentPostprocessing = 0;
		};
/* End PBXFrameworksBuildPhase section */

/* Begin PBXGroup section */
		88D127AFC2D784917411F7B1 /* Frameworks */ = {
			isa = PBXGroup;
			children = (
				27D23BC0B4A48F58CB608058 /* Pods_CameraFilter.framework */,
			);
			name = Frameworks;
			sourceTree = "<group>";
		};
		A0FC784ED0B1FC796048CC83 /* Pods */ = {
			isa = PBXGroup;
			children = (
				7210887E4CCB470783B34EFD /* Pods-CameraFilter.debug.xcconfig */,
				9E99A981D24EAB45976D1BC8 /* Pods-CameraFilter.release.xcconfig */,
			);
			path = Pods;
			sourceTree = "<group>";
		};
		D61C4F0323CCF39300D3CAAA = {
			isa = PBXGroup;
			children = (
				D61C4F0E23CCF39300D3CAAA /* CameraFilter */,
				D61C4F0D23CCF39300D3CAAA /* Products */,
				A0FC784ED0B1FC796048CC83 /* Pods */,
				88D127AFC2D784917411F7B1 /* Frameworks */,
			);
			sourceTree = "<group>";
		};
		D61C4F0D23CCF39300D3CAAA /* Products */ = {
			isa = PBXGroup;
			children = (
				D61C4F0C23CCF39300D3CAAA /* CameraFilter.app */,
			);
			name = Products;
			sourceTree = "<group>";
		};
		D61C4F0E23CCF39300D3CAAA /* CameraFilter */ = {
			isa = PBXGroup;
			children = (
				D61C4F0F23CCF39300D3CAAA /* AppDelegate.swift */,
				D61C4F1123CCF39300D3CAAA /* SceneDelegate.swift */,
				D61C4F1323CCF39300D3CAAA /* ViewController.swift */,
				D6C439E223CE3943008AA3F8 /* FilterService.swift */,
				D61C4F2323CCF4F700D3CAAA /* PhotosCollectionViewController.swift */,
				D61C4F2523CCFEB200D3CAAA /* PhotoCell.swift */,
				D61C4F1523CCF39300D3CAAA /* Main.storyboard */,
				D61C4F1823CCF39900D3CAAA /* Assets.xcassets */,
				D61C4F1A23CCF39900D3CAAA /* LaunchScreen.storyboard */,
				D61C4F1D23CCF39900D3CAAA /* Info.plist */,
			);
			path = CameraFilter;
			sourceTree = "<group>";
		};
/* End PBXGroup section */

/* Begin PBXNativeTarget section */
		D61C4F0B23CCF39300D3CAAA /* CameraFilter */ = {
			isa = PBXNativeTarget;
			buildConfigurationList = D61C4F2023CCF39900D3CAAA /* Build configuration list for PBXNativeTarget "CameraFilter" */;
			buildPhases = (
				CAFDEEF0AA6D9844EA6EEDD3 /* [CP] Check Pods Manifest.lock */,
				D61C4F0823CCF39300D3CAAA /* Sources */,
				D61C4F0923CCF39300D3CAAA /* Frameworks */,
				D61C4F0A23CCF39300D3CAAA /* Resources */,
				C9DC5615F1E569F0C085259A /* [CP] Embed Pods Frameworks */,
			);
			buildRules = (
			);
			dependencies = (
			);
			name = CameraFilter;
			productName = CameraFilter;
			productReference = D61C4F0C23CCF39300D3CAAA /* CameraFilter.app */;
			productType = "com.apple.product-type.application";
		};
/* End PBXNativeTarget section */

/* Begin PBXProject section */
		D61C4F0423CCF39300D3CAAA /* Project object */ = {
			isa = PBXProject;
			attributes = {
				LastSwiftUpdateCheck = 1130;
				LastUpgradeCheck = 1130;
				ORGANIZATIONNAME = "Krishna Datt Shukla";
				TargetAttributes = {
					D61C4F0B23CCF39300D3CAAA = {
						CreatedOnToolsVersion = 11.3;
					};
				};
			};
			buildConfigurationList = D61C4F0723CCF39300D3CAAA /* Build configuration list for PBXProject "CameraFilter" */;
			compatibilityVersion = "Xcode 9.3";
			developmentRegion = en;
			hasScannedForEncodings = 0;
			knownRegions = (
				en,
				Base,
			);
			mainGroup = D61C4F0323CCF39300D3CAAA;
			productRefGroup = D61C4F0D23CCF39300D3CAAA /* Products */;
			projectDirPath = "";
			projectRoot = "";
			targets = (
				D61C4F0B23CCF39300D3CAAA /* CameraFilter */,
			);
		};
/* End PBXProject section */

/* Begin PBXResourcesBuildPhase section */
		D61C4F0A23CCF39300D3CAAA /* Resources */ = {
			isa = PBXResourcesBuildPhase;
			buildActionMask = 2147483647;
			files = (
				D61C4F1C23CCF39900D3CAAA /* LaunchScreen.storyboard in Resources */,
				D61C4F1923CCF39900D3CAAA /* Assets.xcassets in Resources */,
				D61C4F1723CCF39300D3CAAA /* Main.storyboard in Resources */,
			);
			runOnlyForDeploymentPostprocessing = 0;
		};
/* End PBXResourcesBuildPhase section */

/* Begin PBXShellScriptBuildPhase section */
		C9DC5615F1E569F0C085259A /* [CP] Embed Pods Frameworks */ = {
			isa = PBXShellScriptBuildPhase;
			buildActionMask = 2147483647;
			files = (
			);
			inputFileListPaths = (
				"${PODS_ROOT}/Target Support Files/Pods-CameraFilter/Pods-CameraFilter-frameworks-${CONFIGURATION}-input-files.xcfilelist",
			);
			name = "[CP] Embed Pods Frameworks";
			outputFileListPaths = (
				"${PODS_ROOT}/Target Support Files/Pods-CameraFilter/Pods-CameraFilter-frameworks-${CONFIGURATION}-output-files.xcfilelist",
			);
			runOnlyForDeploymentPostprocessing = 0;
			shellPath = /bin/sh;
			shellScript = "\"${PODS_ROOT}/Target Support Files/Pods-CameraFilter/Pods-CameraFilter-frameworks.sh\"\n";
			showEnvVarsInLog = 0;
		};
		CAFDEEF0AA6D9844EA6EEDD3 /* [CP] Check Pods Manifest.lock */ = {
			isa = PBXShellScriptBuildPhase;
			buildActionMask = 2147483647;
			files = (
			);
			inputFileListPaths = (
			);
			inputPaths = (
				"${PODS_PODFILE_DIR_PATH}/Podfile.lock",
				"${PODS_ROOT}/Manifest.lock",
			);
			name = "[CP] Check Pods Manifest.lock";
			outputFileListPaths = (
			);
			outputPaths = (
				"$(DERIVED_FILE_DIR)/Pods-CameraFilter-checkManifestLockResult.txt",
			);
			runOnlyForDeploymentPostprocessing = 0;
			shellPath = /bin/sh;
			shellScript = "diff \"${PODS_PODFILE_DIR_PATH}/Podfile.lock\" \"${PODS_ROOT}/Manifest.lock\" > /dev/null\nif [ $? != 0 ] ; then\n    # print error to STDERR\n    echo \"error: The sandbox is not in sync with the Podfile.lock. Run 'pod install' or update your CocoaPods installation.\" >&2\n    exit 1\nfi\n# This output is used by Xcode 'outputs' to avoid re-running this script phase.\necho \"SUCCESS\" > \"${SCRIPT_OUTPUT_FILE_0}\"\n";
			showEnvVarsInLog = 0;
		};
/* End PBXShellScriptBuildPhase section */

/* Begin PBXSourcesBuildPhase section */
		D61C4F0823CCF39300D3CAAA /* Sources */ = {
			isa = PBXSourcesBuildPhase;
			buildActionMask = 2147483647;
			files = (
				D61C4F1423CCF39300D3CAAA /* ViewController.swift in Sources */,
				D61C4F2623CCFEB200D3CAAA /* PhotoCell.swift in Sources */,
				D61C4F1023CCF39300D3CAAA /* AppDelegate.swift in Sources */,
				D6C439E323CE3943008AA3F8 /* FilterService.swift in Sources */,
				D61C4F1223CCF39300D3CAAA /* SceneDelegate.swift in Sources */,
				D61C4F2423CCF4F700D3CAAA /* PhotosCollectionViewController.swift in Sources */,
			);
			runOnlyForDeploymentPostprocessing = 0;
		};
/* End PBXSourcesBuildPhase section */

/* Begin PBXVariantGroup section */
		D61C4F1523CCF39300D3CAAA /* Main.storyboard */ = {
			isa = PBXVariantGroup;
			children = (
				D61C4F1623CCF39300D3CAAA /* Base */,
			);
			name = Main.storyboard;
			sourceTree = "<group>";
		};
		D61C4F1A23CCF39900D3CAAA /* LaunchScreen.storyboard */ = {
			isa = PBXVariantGroup;
			children = (
				D61C4F1B23CCF39900D3CAAA /* Base */,
			);
			name = LaunchScreen.storyboard;
			sourceTree = "<group>";
		};
/* End PBXVariantGroup section */

/* Begin XCBuildConfiguration section */
		D61C4F1E23CCF39900D3CAAA /* Debug */ = {
			isa = XCBuildConfiguration;
			buildSettings = {
				ALWAYS_SEARCH_USER_PATHS = NO;
				CLANG_ANALYZER_NONNULL = YES;
				CLANG_ANALYZER_NUMBER_OBJECT_CONVERSION = YES_AGGRESSIVE;
				CLANG_CXX_LANGUAGE_STANDARD = "gnu++14";
				CLANG_CXX_LIBRARY = "libc++";
				CLANG_ENABLE_MODULES = YES;
				CLANG_ENABLE_OBJC_ARC = YES;
				CLANG_ENABLE_OBJC_WEAK = YES;
				CLANG_WARN_BLOCK_CAPTURE_AUTORELEASING = YES;
				CLANG_WARN_BOOL_CONVERSION = YES;
				CLANG_WARN_COMMA = YES;
				CLANG_WARN_CONSTANT_CONVERSION = YES;
				CLANG_WARN_DEPRECATED_OBJC_IMPLEMENTATIONS = YES;
				CLANG_WARN_DIRECT_OBJC_ISA_USAGE = YES_ERROR;
				CLANG_WARN_DOCUMENTATION_COMMENTS = YES;
				CLANG_WARN_EMPTY_BODY = YES;
				CLANG_WARN_ENUM_CONVERSION = YES;
				CLANG_WARN_INFINITE_RECURSION = YES;
				CLANG_WARN_INT_CONVERSION = YES;
				CLANG_WARN_NON_LITERAL_NULL_CONVERSION = YES;
				CLANG_WARN_OBJC_IMPLICIT_RETAIN_SELF = YES;
				CLANG_WARN_OBJC_LITERAL_CONVERSION = YES;
				CLANG_WARN_OBJC_ROOT_CLASS = YES_ERROR;
				CLANG_WARN_RANGE_LOOP_ANALYSIS = YES;
				CLANG_WARN_STRICT_PROTOTYPES = YES;
				CLANG_WARN_SUSPICIOUS_MOVE = YES;
				CLANG_WARN_UNGUARDED_AVAILABILITY = YES_AGGRESSIVE;
				CLANG_WARN_UNREACHABLE_CODE = YES;
				CLANG_WARN__DUPLICATE_METHOD_MATCH = YES;
				COPY_PHASE_STRIP = NO;
				DEBUG_INFORMATION_FORMAT = dwarf;
				ENABLE_STRICT_OBJC_MSGSEND = YES;
				ENABLE_TESTABILITY = YES;
				GCC_C_LANGUAGE_STANDARD = gnu11;
				GCC_DYNAMIC_NO_PIC = NO;
				GCC_NO_COMMON_BLOCKS = YES;
				GCC_OPTIMIZATION_LEVEL = 0;
				GCC_PREPROCESSOR_DEFINITIONS = (
					"DEBUG=1",
					"$(inherited)",
				);
				GCC_WARN_64_TO_32_BIT_CONVERSION = YES;
				GCC_WARN_ABOUT_RETURN_TYPE = YES_ERROR;
				GCC_WARN_UNDECLARED_SELECTOR = YES;
				GCC_WARN_UNINITIALIZED_AUTOS = YES_AGGRESSIVE;
				GCC_WARN_UNUSED_FUNCTION = YES;
				GCC_WARN_UNUSED_VARIABLE = YES;
				IPHONEOS_DEPLOYMENT_TARGET = 13.2;
				MTL_ENABLE_DEBUG_INFO = INCLUDE_SOURCE;
				MTL_FAST_MATH = YES;
				ONLY_ACTIVE_ARCH = YES;
				SDKROOT = iphoneos;
				SWIFT_ACTIVE_COMPILATION_CONDITIONS = DEBUG;
				SWIFT_OPTIMIZATION_LEVEL = "-Onone";
			};
			name = Debug;
		};
		D61C4F1F23CCF39900D3CAAA /* Release */ = {
			isa = XCBuildConfiguration;
			buildSettings = {
				ALWAYS_SEARCH_USER_PATHS = NO;
				CLANG_ANALYZER_NONNULL = YES;
				CLANG_ANALYZER_NUMBER_OBJECT_CONVERSION = YES_AGGRESSIVE;
				CLANG_CXX_LANGUAGE_STANDARD = "gnu++14";
				CLANG_CXX_LIBRARY = "libc++";
				CLANG_ENABLE_MODULES = YES;
				CLANG_ENABLE_OBJC_ARC = YES;
				CLANG_ENABLE_OBJC_WEAK = YES;
				CLANG_WARN_BLOCK_CAPTURE_AUTORELEASING = YES;
				CLANG_WARN_BOOL_CONVERSION = YES;
				CLANG_WARN_COMMA = YES;
				CLANG_WARN_CONSTANT_CONVERSION = YES;
				CLANG_WARN_DEPRECATED_OBJC_IMPLEMENTATIONS = YES;
				CLANG_WARN_DIRECT_OBJC_ISA_USAGE = YES_ERROR;
				CLANG_WARN_DOCUMENTATION_COMMENTS = YES;
				CLANG_WARN_EMPTY_BODY = YES;
				CLANG_WARN_ENUM_CONVERSION = YES;
				CLANG_WARN_INFINITE_RECURSION = YES;
				CLANG_WARN_INT_CONVERSION = YES;
				CLANG_WARN_NON_LITERAL_NULL_CONVERSION = YES;
				CLANG_WARN_OBJC_IMPLICIT_RETAIN_SELF = YES;
				CLANG_WARN_OBJC_LITERAL_CONVERSION = YES;
				CLANG_WARN_OBJC_ROOT_CLASS = YES_ERROR;
				CLANG_WARN_RANGE_LOOP_ANALYSIS = YES;
				CLANG_WARN_STRICT_PROTOTYPES = YES;
				CLANG_WARN_SUSPICIOUS_MOVE = YES;
				CLANG_WARN_UNGUARDED_AVAILABILITY = YES_AGGRESSIVE;
				CLANG_WARN_UNREACHABLE_CODE = YES;
				CLANG_WARN__DUPLICATE_METHOD_MATCH = YES;
				COPY_PHASE_STRIP = NO;
				DEBUG_INFORMATION_FORMAT = "dwarf-with-dsym";
				ENABLE_NS_ASSERTIONS = NO;
				ENABLE_STRICT_OBJC_MSGSEND = YES;
				GCC_C_LANGUAGE_STANDARD = gnu11;
				GCC_NO_COMMON_BLOCKS = YES;
				GCC_WARN_64_TO_32_BIT_CONVERSION = YES;
				GCC_WARN_ABOUT_RETURN_TYPE = YES_ERROR;
				GCC_WARN_UNDECLARED_SELECTOR = YES;
				GCC_WARN_UNINITIALIZED_AUTOS = YES_AGGRESSIVE;
				GCC_WARN_UNUSED_FUNCTION = YES;
				GCC_WARN_UNUSED_VARIABLE = YES;
				IPHONEOS_DEPLOYMENT_TARGET = 13.2;
				MTL_ENABLE_DEBUG_INFO = NO;
				MTL_FAST_MATH = YES;
				SDKROOT = iphoneos;
				SWIFT_COMPILATION_MODE = wholemodule;
				SWIFT_OPTIMIZATION_LEVEL = "-O";
				VALIDATE_PRODUCT = YES;
			};
			name = Release;
		};
		D61C4F2123CCF39900D3CAAA /* Debug */ = {
			isa = XCBuildConfiguration;
			baseConfigurationReference = 7210887E4CCB470783B34EFD /* Pods-CameraFilter.debug.xcconfig */;
			buildSettings = {
				ASSETCATALOG_COMPILER_APPICON_NAME = AppIcon;
				CODE_SIGN_STYLE = Automatic;
				DEVELOPMENT_TEAM = J9YKQ7ST9E;
				INFOPLIST_FILE = CameraFilter/Info.plist;
				LD_RUNPATH_SEARCH_PATHS = (
					"$(inherited)",
					"@executable_path/Frameworks",
				);
				PRODUCT_BUNDLE_IDENTIFIER = com.innorap.CameraFilter;
				PRODUCT_NAME = "$(TARGET_NAME)";
				SWIFT_VERSION = 5.0;
				TARGETED_DEVICE_FAMILY = "1,2";
			};
			name = Debug;
		};
		D61C4F2223CCF39900D3CAAA /* Release */ = {
			isa = XCBuildConfiguration;
			baseConfigurationReference = 9E99A981D24EAB45976D1BC8 /* Pods-CameraFilter.release.xcconfig */;
			buildSettings = {
				ASSETCATALOG_COMPILER_APPICON_NAME = AppIcon;
				CODE_SIGN_STYLE = Automatic;
				DEVELOPMENT_TEAM = J9YKQ7ST9E;
				INFOPLIST_FILE = CameraFilter/Info.plist;
				LD_RUNPATH_SEARCH_PATHS = (
					"$(inherited)",
					"@executable_path/Frameworks",
				);
				PRODUCT_BUNDLE_IDENTIFIER = com.innorap.CameraFilter;
				PRODUCT_NAME = "$(TARGET_NAME)";
				SWIFT_VERSION = 5.0;
				TARGETED_DEVICE_FAMILY = "1,2";
			};
			name = Release;
		};
/* End XCBuildConfiguration section */

/* Begin XCConfigurationList section */
		D61C4F0723CCF39300D3CAAA /* Build configuration list for PBXProject "CameraFilter" */ = {
			isa = XCConfigurationList;
			buildConfigurations = (
				D61C4F1E23CCF39900D3CAAA /* Debug */,
				D61C4F1F23CCF39900D3CAAA /* Release */,
			);
			defaultConfigurationIsVisible = 0;
			defaultConfigurationName = Release;
		};
		D61C4F2023CCF39900D3CAAA /* Build configuration list for PBXNativeTarget "CameraFilter" */ = {
			isa = XCConfigurationList;
			buildConfigurations = (
				D61C4F2123CCF39900D3CAAA /* Debug */,
				D61C4F2223CCF39900D3CAAA /* Release */,
			);
			defaultConfigurationIsVisible = 0;
			defaultConfigurationName = Release;
		};
/* End XCConfigurationList section */
	};
	rootObject = D61C4F0423CCF39300D3CAAA /* Project object */;
}
